
Microsoft Visual Studio Solution File, Format Version 12.00
# Visual Studio Version 16
VisualStudioVersion = 16.0.29009.5
MinimumVisualStudioVersion = 10.0.40219.1
Project("{FAE04EC0-301F-11D3-BF4B-00C04F79EFBC}") = "what", "what\what.csproj", "{B11BF860-E0EC-4798-993F-6C8822175BA7}"
EndProject
Global
	GlobalSection(SolutionConfigurationPlatforms) = preSolution
		Debug|Any CPU = Debug|Any CPU
		Release|Any CPU = Release|Any CPU
	EndGlobalSection
	GlobalSection(ProjectConfigurationPlatforms) = postSolution
		{B11BF860-E0EC-4798-993F-6C8822175BA7}.Debug|Any CPU.ActiveCfg = Debug|Any CPU
		{B11BF860-E0EC-4798-993F-6C8822175BA7}.Debug|Any CPU.Build.0 = Debug|Any CPU
		{B11BF860-E0EC-4798-993F-6C8822175BA7}.Release|Any CPU.ActiveCfg = Release|Any CPU
		{B11BF860-E0EC-4798-993F-6C8822175BA7}.Release|Any CPU.Build.0 = Release|Any CPU
	EndGlobalSection
	GlobalSection(SolutionProperties) = preSolution
		HideSolutionNode = FALSE
	EndGlobalSection
	GlobalSection(ExtensibilityGlobals) = postSolution
		SolutionGuid = {41865F0C-3355-4624-A6C4-C6614498FC13}
	EndGlobalSection
EndGlobal
